
Microsoft Visual Studio Solution File, Format Version 12.00
# Visual Studio Version 17
VisualStudioVersion = 17.5.33516.290
MinimumVisualStudioVersion = 10.0.40219.1
Project("{FAE04EC0-301F-11D3-BF4B-00C04F79EFBC}") = "Garden Helper Site", "Garden Helper Site\Garden Helper Site.csproj", "{204202A3-4A21-44D0-BA7B-2C3A3F335282}"
EndProject
Global
	GlobalSection(SolutionConfigurationPlatforms) = preSolution
		Debug|Any CPU = Debug|Any CPU
		Release|Any CPU = Release|Any CPU
	EndGlobalSection
	GlobalSection(ProjectConfigurationPlatforms) = postSolution
		{204202A3-4A21-44D0-BA7B-2C3A3F335282}.Debug|Any CPU.ActiveCfg = Debug|Any CPU
		{204202A3-4A21-44D0-BA7B-2C3A3F335282}.Debug|Any CPU.Build.0 = Debug|Any CPU
		{204202A3-4A21-44D0-BA7B-2C3A3F335282}.Release|Any CPU.ActiveCfg = Release|Any CPU
		{204202A3-4A21-44D0-BA7B-2C3A3F335282}.Release|Any CPU.Build.0 = Release|Any CPU
	EndGlobalSection
	GlobalSection(SolutionProperties) = preSolution
		HideSolutionNode = FALSE
	EndGlobalSection
	GlobalSection(ExtensibilityGlobals) = postSolution
		SolutionGuid = {5D428976-E0D1-4D7A-82B8-406538FBAD67}
	EndGlobalSection
EndGlobal
